
Microsoft Visual Studio Solution File, Format Version 12.00
# Visual Studio Version 17
VisualStudioVersion = 17.8.34511.84
MinimumVisualStudioVersion = 10.0.40219.1
Project("{9A19103F-16F7-4668-BE54-9A1E7A4F7556}") = "Accounts", "Accounts\Accounts.csproj", "{BE11508B-69BA-433D-9FC7-F3EACE5FD391}"
EndProject
Global
	GlobalSection(SolutionConfigurationPlatforms) = preSolution
		Debug|Any CPU = Debug|Any CPU
		Release|Any CPU = Release|Any CPU
	EndGlobalSection
	GlobalSection(ProjectConfigurationPlatforms) = postSolution
		{BE11508B-69BA-433D-9FC7-F3EACE5FD391}.Debug|Any CPU.ActiveCfg = Debug|Any CPU
		{BE11508B-69BA-433D-9FC7-F3EACE5FD391}.Debug|Any CPU.Build.0 = Debug|Any CPU
		{BE11508B-69BA-433D-9FC7-F3EACE5FD391}.Release|Any CPU.ActiveCfg = Release|Any CPU
		{BE11508B-69BA-433D-9FC7-F3EACE5FD391}.Release|Any CPU.Build.0 = Release|Any CPU
	EndGlobalSection
	GlobalSection(SolutionProperties) = preSolution
		HideSolutionNode = FALSE
	EndGlobalSection
	GlobalSection(ExtensibilityGlobals) = postSolution
		SolutionGuid = {1B8786DD-FF15-4EDC-92A3-724306357458}
	EndGlobalSection
EndGlobal
